
Microsoft Visual Studio Solution File, Format Version 12.00
# Visual Studio Version 16
VisualStudioVersion = 16.0.30011.22
MinimumVisualStudioVersion = 10.0.40219.1
Project("{2150E333-8FDC-42A3-9474-1A3956D46DE8}") = "Lesson 1", "Lesson 1", "{689257DB-A229-48CC-99E8-FD1ACD87C56F}"
EndProject
Project("{2150E333-8FDC-42A3-9474-1A3956D46DE8}") = "Task 1", "Task 1", "{0E3423F8-4C8B-4792-8B9E-D49A27AAAC88}"
EndProject
Project("{2150E333-8FDC-42A3-9474-1A3956D46DE8}") = "Lesson 2", "Lesson 2", "{DE2C321B-0834-4215-86AB-CA519F0AF1A0}"
EndProject
Project("{2150E333-8FDC-42A3-9474-1A3956D46DE8}") = "Task 3", "Task 3", "{5476EFB0-AF78-4A6E-AC68-DD0540F899F8}"
EndProject
Project("{FAE04EC0-301F-11D3-BF4B-00C04F79EFBC}") = "1-1--1", "..\1-1--1\1-1--1.csproj", "{F7A137C4-EEAB-4452-A330-B407F74042CA}"
EndProject
Project("{2150E333-8FDC-42A3-9474-1A3956D46DE8}") = "Task 2", "Task 2", "{2890760F-D9C3-4F98-94B5-41DA64C15EA6}"
EndProject
Project("{FAE04EC0-301F-11D3-BF4B-00C04F79EFBC}") = "1-1-3", "..\1-1-3\1-1-3.csproj", "{9027BF26-A386-4125-8B1D-8E4E52632D36}"
EndProject
Project("{FAE04EC0-301F-11D3-BF4B-00C04F79EFBC}") = "1-1--2", "..\1-1--2\1-1--2.csproj", "{E115BB85-9D9D-4CDE-9B9F-95616DEFB212}"
EndProject
Project("{2150E333-8FDC-42A3-9474-1A3956D46DE8}") = "Lesson 3", "Lesson 3", "{E6127369-192B-446B-AE8A-D321F43F012C}"
EndProject
Project("{2150E333-8FDC-42A3-9474-1A3956D46DE8}") = "Task 1", "Task 1", "{AED0D851-D719-419F-ACBC-39B93C67AD45}"
EndProject
Global
	GlobalSection(SolutionConfigurationPlatforms) = preSolution
		Debug|Any CPU = Debug|Any CPU
		Release|Any CPU = Release|Any CPU
	EndGlobalSection
	GlobalSection(ProjectConfigurationPlatforms) = postSolution
		{F7A137C4-EEAB-4452-A330-B407F74042CA}.Debug|Any CPU.ActiveCfg = Debug|Any CPU
		{F7A137C4-EEAB-4452-A330-B407F74042CA}.Debug|Any CPU.Build.0 = Debug|Any CPU
		{F7A137C4-EEAB-4452-A330-B407F74042CA}.Release|Any CPU.ActiveCfg = Release|Any CPU
		{F7A137C4-EEAB-4452-A330-B407F74042CA}.Release|Any CPU.Build.0 = Release|Any CPU
		{9027BF26-A386-4125-8B1D-8E4E52632D36}.Debug|Any CPU.ActiveCfg = Debug|Any CPU
		{9027BF26-A386-4125-8B1D-8E4E52632D36}.Debug|Any CPU.Build.0 = Debug|Any CPU
		{9027BF26-A386-4125-8B1D-8E4E52632D36}.Release|Any CPU.ActiveCfg = Release|Any CPU
		{9027BF26-A386-4125-8B1D-8E4E52632D36}.Release|Any CPU.Build.0 = Release|Any CPU
		{E115BB85-9D9D-4CDE-9B9F-95616DEFB212}.Debug|Any CPU.ActiveCfg = Debug|Any CPU
		{E115BB85-9D9D-4CDE-9B9F-95616DEFB212}.Debug|Any CPU.Build.0 = Debug|Any CPU
		{E115BB85-9D9D-4CDE-9B9F-95616DEFB212}.Release|Any CPU.ActiveCfg = Release|Any CPU
		{E115BB85-9D9D-4CDE-9B9F-95616DEFB212}.Release|Any CPU.Build.0 = Release|Any CPU
	EndGlobalSection
	GlobalSection(SolutionProperties) = preSolution
		HideSolutionNode = FALSE
	EndGlobalSection
	GlobalSection(NestedProjects) = preSolution
		{0E3423F8-4C8B-4792-8B9E-D49A27AAAC88} = {689257DB-A229-48CC-99E8-FD1ACD87C56F}
		{5476EFB0-AF78-4A6E-AC68-DD0540F899F8} = {689257DB-A229-48CC-99E8-FD1ACD87C56F}
		{F7A137C4-EEAB-4452-A330-B407F74042CA} = {0E3423F8-4C8B-4792-8B9E-D49A27AAAC88}
		{2890760F-D9C3-4F98-94B5-41DA64C15EA6} = {689257DB-A229-48CC-99E8-FD1ACD87C56F}
		{9027BF26-A386-4125-8B1D-8E4E52632D36} = {5476EFB0-AF78-4A6E-AC68-DD0540F899F8}
		{E115BB85-9D9D-4CDE-9B9F-95616DEFB212} = {2890760F-D9C3-4F98-94B5-41DA64C15EA6}
		{AED0D851-D719-419F-ACBC-39B93C67AD45} = {DE2C321B-0834-4215-86AB-CA519F0AF1A0}
	EndGlobalSection
	GlobalSection(ExtensibilityGlobals) = postSolution
		SolutionGuid = {FB61BA3F-ED12-42EA-A572-0BB26FF341FB}
	EndGlobalSection
EndGlobal
